[{<<"aleppo">>,
  {git,"https://github.com/inaka/aleppo.git",
       {ref,"95e7bc6a2ff0de0cde4d0af353ae86d7dea03095"}},
  1},
 {<<"egithub">>,
  {git,"https://github.com/inaka/erlang-github.git",
       {ref,"2b8e5296f3be4871abdb979b0c80ea08744e5de3"}},
  1},
 {<<"elvis">>,
  {git,"https://github.com/inaka/elvis.git",
       {ref,"4e087029bf73fe3ff785d8d8686d7f9233b7fd3f"}},
  0},
 {<<"eper">>,
  {git,"https://github.com/massemanet/eper.git",
       {ref,"d1fcf03f404cab76fbaf1977ebb3b0898e20ee45"}},
  0},
 {<<"getopt">>,
  {git,"https://github.com/jcomellas/getopt.git",
       {ref,"388dc95caa7fb97ec7db8cfc39246a36aba61bd8"}},
  1},
 {<<"goldrush">>,
  {git,"https://github.com/DeadZen/goldrush.git",
       {ref,"64864ba7fcf40988361340e48680b49a2c2938cf"}},
  0},
 {<<"ibrowse">>,
  {git,"https://github.com/cmullaparthi/ibrowse.git",
       {ref,"ea3305d21f37eced4fac290f64b068e56df7de80"}},
  0},
 {<<"jiffy">>,
  {git,"https://github.com/davisp/jiffy.git",
       {ref,"75dd259189b1c1134f4e0c0de667da3dc67590bf"}},
  0},
 {<<"katana">>,
  {git,"https://github.com/inaka/erlang-katana.git",
       {ref,"3fc3d8f3e0c24c12b998ca2004de1d0943002856"}},
  0},
 {<<"lager">>,
  {git,"https://github.com/basho/lager.git",
       {ref,"169cffd94759e99e2e8870b125861a91e3c1482a"}},
  0},
 {<<"meck">>,
  {git,"https://github.com/eproxus/meck.git",
       {ref,"dde759050eff19a1a80fd854d7375174b191665d"}},
  1},
 {<<"sync">>,
  {git,"https://github.com/inaka/sync.git",
       {ref,"4dbe32bb49890d20018207b4a8a4a5db6ae1b9fd"}},
  0},
 {<<"zipper">>,
  {git,"https://github.com/inaka/zipper.git",
       {ref,"196b1cb3f9b4075edf9f640e5cefdf3d7a771d14"}},
  1}].
